
Microsoft Visual Studio Solution File, Format Version 12.00
# Visual Studio Version 16
VisualStudioVersion = 16.0.32002.261
MinimumVisualStudioVersion = 10.0.40219.1
Project("{FAE04EC0-301F-11D3-BF4B-00C04F79EFBC}") = "EFCore.WebAPI", "EFCore.WebAPI\EFCore.WebAPI.csproj", "{383A5E52-B3F1-47E0-8A3E-583B5BD5A0DA}"
EndProject
Global
	GlobalSection(SolutionConfigurationPlatforms) = preSolution
		Debug|Any CPU = Debug|Any CPU
		Release|Any CPU = Release|Any CPU
	EndGlobalSection
	GlobalSection(ProjectConfigurationPlatforms) = postSolution
		{383A5E52-B3F1-47E0-8A3E-583B5BD5A0DA}.Debug|Any CPU.ActiveCfg = Debug|Any CPU
		{383A5E52-B3F1-47E0-8A3E-583B5BD5A0DA}.Debug|Any CPU.Build.0 = Debug|Any CPU
		{383A5E52-B3F1-47E0-8A3E-583B5BD5A0DA}.Release|Any CPU.ActiveCfg = Release|Any CPU
		{383A5E52-B3F1-47E0-8A3E-583B5BD5A0DA}.Release|Any CPU.Build.0 = Release|Any CPU
	EndGlobalSection
	GlobalSection(SolutionProperties) = preSolution
		HideSolutionNode = FALSE
	EndGlobalSection
	GlobalSection(ExtensibilityGlobals) = postSolution
		SolutionGuid = {15BFFC42-FB04-4159-A0B9-32F7635C62B8}
	EndGlobalSection
EndGlobal
